
Microsoft Visual Studio Solution File, Format Version 12.00
# Visual Studio Version 17
VisualStudioVersion = 17.7.34031.279
MinimumVisualStudioVersion = 10.0.40219.1
Project("{FAE04EC0-301F-11D3-BF4B-00C04F79EFBC}") = "Practical7", "Practical7.csproj", "{C9055A40-6FC2-4C22-B53E-BD75911EE239}"
EndProject
Global
	GlobalSection(SolutionConfigurationPlatforms) = preSolution
		Debug|Any CPU = Debug|Any CPU
		Release|Any CPU = Release|Any CPU
	EndGlobalSection
	GlobalSection(ProjectConfigurationPlatforms) = postSolution
		{C9055A40-6FC2-4C22-B53E-BD75911EE239}.Debug|Any CPU.ActiveCfg = Debug|Any CPU
		{C9055A40-6FC2-4C22-B53E-BD75911EE239}.Debug|Any CPU.Build.0 = Debug|Any CPU
		{C9055A40-6FC2-4C22-B53E-BD75911EE239}.Release|Any CPU.ActiveCfg = Release|Any CPU
		{C9055A40-6FC2-4C22-B53E-BD75911EE239}.Release|Any CPU.Build.0 = Release|Any CPU
	EndGlobalSection
	GlobalSection(SolutionProperties) = preSolution
		HideSolutionNode = FALSE
	EndGlobalSection
	GlobalSection(ExtensibilityGlobals) = postSolution
		SolutionGuid = {20340F34-5419-4ACA-BA82-E0240A25FA88}
	EndGlobalSection
EndGlobal
